
Microsoft Visual Studio Solution File, Format Version 12.00
# Visual Studio Version 17
VisualStudioVersion = 17.8.34330.188
MinimumVisualStudioVersion = 10.0.40219.1
Project("{FAE04EC0-301F-11D3-BF4B-00C04F79EFBC}") = "quanlyLaptop", "quanlyLaptop\quanlyLaptop.csproj", "{902B80C2-FACB-4231-A376-C6ED4EC4D721}"
EndProject
Global
	GlobalSection(SolutionConfigurationPlatforms) = preSolution
		Debug|Any CPU = Debug|Any CPU
		Release|Any CPU = Release|Any CPU
	EndGlobalSection
	GlobalSection(ProjectConfigurationPlatforms) = postSolution
		{902B80C2-FACB-4231-A376-C6ED4EC4D721}.Debug|Any CPU.ActiveCfg = Debug|Any CPU
		{902B80C2-FACB-4231-A376-C6ED4EC4D721}.Debug|Any CPU.Build.0 = Debug|Any CPU
		{902B80C2-FACB-4231-A376-C6ED4EC4D721}.Release|Any CPU.ActiveCfg = Release|Any CPU
		{902B80C2-FACB-4231-A376-C6ED4EC4D721}.Release|Any CPU.Build.0 = Release|Any CPU
	EndGlobalSection
	GlobalSection(SolutionProperties) = preSolution
		HideSolutionNode = FALSE
	EndGlobalSection
	GlobalSection(ExtensibilityGlobals) = postSolution
		SolutionGuid = {4CD0A9C4-0877-4C62-A81E-EAFA71C7EA6C}
	EndGlobalSection
EndGlobal
